Microsoft Visual Studio Solution File, Format Version 12.00
# Visual Studio Version 17
Project("{FAE04EC0-301F-11D3-BF4B-00C04F79EFBC}") = "FluentRegexBuilder", "src\FluentRegexBuilder\FluentRegexBuilder.csproj", "{A1B2C3D4-1111-4A2B-9C3D-0123456789AB}"
EndProject
Project("{FAE04EC0-301F-11D3-BF4B-00C04F79EFBC}") = "FluentRegexBuilder.Tests", "tests\FluentRegexBuilder.Tests\FluentRegexBuilder.Tests.csproj", "{B2C3D4E5-2222-4B3C-8D4E-123456789ABC}"
EndProject
Global
	GlobalSection(SolutionConfigurationPlatforms) = preSolution
		Debug|Any CPU = Debug|Any CPU
		Release|Any CPU = Release|Any CPU
	EndGlobalSection
	GlobalSection(ProjectConfigurationPlatforms) = postSolution
		{A1B2C3D4-1111-4A2B-9C3D-0123456789AB}.Debug|Any CPU.ActiveCfg = Debug|Any CPU
		{A1B2C3D4-1111-4A2B-9C3D-0123456789AB}.Debug|Any CPU.Build.0 = Debug|Any CPU
		{A1B2C3D4-1111-4A2B-9C3D-0123456789AB}.Release|Any CPU.ActiveCfg = Release|Any CPU
		{A1B2C3D4-1111-4A2B-9C3D-0123456789AB}.Release|Any CPU.Build.0 = Release|Any CPU
		{B2C3D4E5-2222-4B3C-8D4E-123456789ABC}.Debug|Any CPU.ActiveCfg = Debug|Any CPU
		{B2C3D4E5-2222-4B3C-8D4E-123456789ABC}.Debug|Any CPU.Build.0 = Debug|Any CPU
		{B2C3D4E5-2222-4B3C-8D4E-123456789ABC}.Release|Any CPU.ActiveCfg = Release|Any CPU
		{B2C3D4E5-2222-4B3C-8D4E-123456789ABC}.Release|Any CPU.Build.0 = Release|Any CPU
	EndGlobalSection
	GlobalSection(SolutionProperties) = preSolution
		HideSolutionNode = FALSE
	EndGlobalSection
EndGlobal
